hash: 62e05d6b8b25b48907f8ea1cb0ffd59c0b2782b22e3873c759269d04f6a813d1
updated: 2018-06-14T16:56:44.403867122+02:00
imports:
- name: github.com/alexcesaro/statsd
  version: 7fea3f0d2fab1ad973e641e51dba45443a311a90
- name: github.com/andybalholm/cascadia
  version: 349dd0209470eabd9514242c688c403c0926d266
- name: github.com/aws/aws-sdk-go
  version: 68bfb358c2f55d3d9fcba781854d546f57149ddc
  subpackages:
  - aws
  - aws/awserr
  - aws/awsutil
  - aws/client
  - aws/client/metadata
  - aws/corehandlers
  - aws/credentials
  - aws/credentials/ec2rolecreds
  - aws/credentials/endpointcreds
  - aws/credentials/stscreds
  - aws/csm
  - aws/defaults
  - aws/ec2metadata
  - aws/endpoints
  - aws/request
  - aws/session
  - aws/signer/v4
  - internal/sdkio
  - internal/sdkrand
  - internal/shareddefaults
  - private/protocol
  - private/protocol/json/jsonutil
  - private/protocol/jsonrpc
  - private/protocol/query
  - private/protocol/query/queryutil
  - private/protocol/rest
  - private/protocol/xml/xmlutil
  - service/dynamodb
  - service/dynamodb/dynamodbattribute
  - service/dynamodb/dynamodbiface
  - service/sts
- name: github.com/blevesearch/bleve
  version: e734ecadbb7b098e31f4ed8b5ba6bebf04574fbb
  subpackages:
  - analysis
  - analysis/analyzer/custom
  - analysis/analyzer/standard
  - analysis/char/regexp
  - analysis/datetime/flexible
  - analysis/datetime/optional
  - analysis/lang/en
  - analysis/token/lowercase
  - analysis/token/porter
  - analysis/token/stop
  - analysis/tokenizer/single
  - analysis/tokenizer/unicode
  - document
  - geo
  - index
  - index/scorch
  - index/scorch/mergeplan
  - index/scorch/segment
  - index/scorch/segment/zap
  - index/store
  - index/store/boltdb
  - index/store/gtreap
  - index/upsidedown
  - mapping
  - numeric
  - registry
  - search
  - search/collector
  - search/facet
  - search/highlight
  - search/highlight/format/html
  - search/highlight/fragmenter/simple
  - search/highlight/highlighter/html
  - search/highlight/highlighter/simple
  - search/query
  - search/scorer
  - search/searcher
  - size
- name: github.com/blevesearch/go-porterstemmer
  version: 23a2c8e5cf1f380f27722c6d2ae8896431dc7d0e
  repo: https://github.com/blevesearch/go-porterstemmer
- name: github.com/blevesearch/segment
  version: db70c57796cc8c310613541dfade3dce627d09c7
  repo: https://github.com/blevesearch/segment
- name: github.com/boltdb/bolt
  version: 9da31745363232bc1e27dbab3569e77383a51585
  repo: https://github.com/boltdb/bolt
- name: github.com/c-bata/go-prompt
  version: b9667240d629a2a6460d72de838d5ad830679a48
- name: github.com/cenkalti/backoff
  version: f756bc9a37f808627c8c1b26d2d6ea40c468440b
- name: github.com/couchbase/vellum
  version: 980bce45b36de95c90cbade073ee0a9c50316e73
  subpackages:
  - levenshtein
  - regexp
  - utf8
- name: github.com/davecgh/go-spew
  version: 346938d642f2ec3594ed81d874461961cd0faa76
  subpackages:
  - spew
- name: github.com/deckarep/golang-set
  version: 504e848d77ea4752b3057b8fb46da0e7f746ccf3
- name: github.com/dsnet/compress
  version: cc9eb1d7ad760af14e8f918698f745e80377af4f
  subpackages:
  - brotli
  - internal
  - internal/errors
- name: github.com/dustin/go-humanize
  version: 02af3965c54e8cacf948b97fef38925c4120652c
- name: github.com/edsrzf/mmap-go
  version: 0bce6a6887123b67a60366d2c9fe2dfb74289d2e
- name: github.com/fatih/color
  version: 2d684516a8861da43017284349b7e303e809ac21
- name: github.com/fatih/structs
  version: ebf56d35bba727c68ac77f56f2fcf90b181851aa
- name: github.com/ghetzel/argonaut
  version: 51604c68ce3090673b707db1e5ce8c7a22001478
- name: github.com/ghetzel/cli
  version: 881207768f6999d54cb543d7dc789c07e5160dd9
- name: github.com/ghetzel/diecast
  version: dfb00dc4245bcedab8e16ff8534cdda2d1071c2d
  subpackages:
  - util
- name: github.com/ghetzel/go-stockutil
  version: 72734343d290b6d3db24617e1c182cff44b9eb65
  subpackages:
  - colorutil
  - httputil
  - log
  - maputil
  - mathutil
  - pathutil
  - rxutil
  - sliceutil
  - stringutil
  - timeutil
  - typeutil
  - utils
- name: github.com/ghetzel/go-webfriend
  version: e0a566f873a2fcd6d4c45bcba6fbd7669eb555ee
  subpackages:
  - browser
  - commands
  - commands/core
  - commands/page
  - scripting
  - utils
- name: github.com/ghetzel/uuid
  version: dec09d789f3dba190787f8b4454c7d3c936fed9e
- name: github.com/ghodss/yaml
  version: e9ed3c6dfb39bb1a32197cb10d527906fe4da4b6
- name: github.com/glycerine/go-unsnap-stream
  version: 62a9a9eb44fd8932157b1a8ace2149eff5971af6
- name: github.com/go-ini/ini
  version: 06f5f3d67269ccec1fe5fe4134ba6e982984f7f5
- name: github.com/go-sql-driver/mysql
  version: 2307b45d3a41dcc64a2bf46db80f61fd182e0186
- name: github.com/gobwas/glob
  version: f00a7392b43971b2fdb562418faab1f18da2067a
  subpackages:
  - compiler
  - match
  - syntax
  - syntax/ast
  - syntax/lexer
  - util/runes
  - util/strings
- name: github.com/golang/protobuf
  version: 655cdfa588ea190e901bc5590e65d5621688847c
  repo: https://github.com/golang/protobuf
  subpackages:
  - proto
- name: github.com/golang/snappy
  version: cef980a12b316c5b7e5bb3a8e168eb43ae999a88
  repo: https://github.com/golang/snappy
- name: github.com/gorilla/websocket
  version: 5ed622c449da6d44c3c8329331ff47a9e5844f71
- name: github.com/grokify/html-strip-tags-go
  version: 3f8856873ce5730282807732a0413fcf7c98cc58
- name: github.com/guregu/dynamo
  version: e38c48c566f44b8dbaa18ec7c429e43194f7233a
  subpackages:
  - internal/exprs
- name: github.com/hashicorp/errwrap
  version: 7554cd9344cec97297fa6649b055a8c98c2a1e55
- name: github.com/hashicorp/go-multierror
  version: 83588e72410abfbe4df460eeb6f30841ae47d4c4
- name: github.com/hashicorp/golang-lru
  version: 0fb14efe8c47ae851c0034ed7a448854d3d34cf3
  subpackages:
  - simplelru
- name: github.com/husobee/vestigo
  version: 93943aff3f8014c2740dd95ac5db602462162bbe
- name: github.com/jbenet/go-base58
  version: 6237cf65f3a6f7111cd8a42be3590df99a66bc7d
- name: github.com/jdkato/prose
  version: e27abfd3f31b84c37bbce37179b0428fcb1384be
  subpackages:
  - internal/util
  - tokenize
- name: github.com/jdxcode/netrc
  version: e1a19c977509b96a5c76996dec63ab5aac67c38c
- name: github.com/jmespath/go-jmespath
  version: c2b33e8439af944379acbdd9c3a5fe0bc44bd8a5
- name: github.com/julienschmidt/httprouter
  version: adbc77eec0d91467376ca515bc3a14b8434d0f18
- name: github.com/kelvins/sunrisesunset
  version: 14f1915ad4b4fc68cdf3c144e39293993e21c67c
- name: github.com/lib/pq
  version: 90697d60dd844d5ef6ff15135d0203f65d2f53b8
  subpackages:
  - oid
- name: github.com/mafredri/cdp
  version: e2fb1c421165bd984a0a41fd71a6ca000003af50
  subpackages:
  - devtool
  - internal/errors
  - protocol
  - protocol/accessibility
  - protocol/animation
  - protocol/applicationcache
  - protocol/audits
  - protocol/browser
  - protocol/cachestorage
  - protocol/console
  - protocol/css
  - protocol/database
  - protocol/debugger
  - protocol/deviceorientation
  - protocol/dom
  - protocol/domdebugger
  - protocol/domsnapshot
  - protocol/domstorage
  - protocol/emulation
  - protocol/headlessexperimental
  - protocol/heapprofiler
  - protocol/indexeddb
  - protocol/input
  - protocol/inspector
  - protocol/internal
  - protocol/io
  - protocol/layertree
  - protocol/log
  - protocol/memory
  - protocol/network
  - protocol/overlay
  - protocol/page
  - protocol/performance
  - protocol/profiler
  - protocol/runtime
  - protocol/schema
  - protocol/security
  - protocol/serviceworker
  - protocol/storage
  - protocol/systeminfo
  - protocol/target
  - protocol/tethering
  - protocol/tracing
  - rpcc
- name: github.com/mattn/go-colorable
  version: efa589957cd060542a26d2dd7832fd6a6c6c3ade
- name: github.com/mattn/go-isatty
  version: 6ca4dbf54d38eea1a992b3c722a76a5d1c4cb25c
- name: github.com/mattn/go-sqlite3
  version: 8897bf145272af4dd0305518cfb725a5b6d0541c
- name: github.com/mattn/go-tty
  version: 931426f7535ac39720c8909d70ece5a41a2502a6
- name: github.com/mcuadros/go-defaults
  version: e1c978be3307be96ef03a0bd25d719ab50d277e4
- name: github.com/microcosm-cc/bluemonday
  version: 995366fdf961d03629cd17361bddd32745718e2c
- name: github.com/mitchellh/go-ps
  version: 4fdf99ab29366514c69ccccddab5dc58b8d84062
- name: github.com/montanaflynn/stats
  version: 1bf9dbcd8cbe1fdb75add3785b1d4a9a646269ab
- name: github.com/mschoch/smat
  version: 90eadee771aeab36e8bf796039b8c261bebebe4f
- name: github.com/op/go-logging
  version: 970db520ece77730c7e4724c61121037378659d9
- name: github.com/orcaman/concurrent-map
  version: a05df785d2dcc16310fb997ee1702100d047cfe1
- name: github.com/phayes/freeport
  version: e27662a4a9d6b2083dfd7e7b5d0e30985daca925
- name: github.com/philhofer/fwd
  version: bb6d471dc95d4fe11e432687f8b70ff496cf3136
- name: github.com/pkg/term
  version: cda20d4ac917ad418d86e151eff439648b06185b
  subpackages:
  - termios
- name: github.com/PuerkitoBio/goquery
  version: e1271ee34c6a305e38566ecd27ae374944907ee9
- name: github.com/RoaringBitmap/roaring
  version: 01d244c43a7e8d1191a4f369f5908ea9eb9bc9ac
  repo: https://github.com/RoaringBitmap/roaring
- name: github.com/russross/blackfriday
  version: 11635eb403ff09dbc3a6b5a007ab5ab09151c229
- name: github.com/spaolacci/murmur3
  version: f09979ecbc725b9e6d41a297405f65e7e8804acc
- name: github.com/steveyen/gtreap
  version: 0abe01ef9be25c4aedc174758ec2d917314d6d70
  repo: https://github.com/steveyen/gtreap
- name: github.com/tinylib/msgp
  version: b2b6a672cf1e5b90748f79b8b81fc8c5cf0571a1
  subpackages:
  - msgp
- name: github.com/urfave/negroni
  version: dae7dc68e5a970eeecdaa7e4191e11d103cb8c1d
- name: github.com/willf/bitset
  version: 2e6e8094ef4745224150c88c16191c7dceaad16f
  repo: https://github.com/willf/bitset
- name: github.com/yosssi/gohtml
  version: 97fbf36f4aa81f723d0530f5495a820ba267ae5f
- name: golang.org/x/net
  version: 92b859f39abd2d91a854c9f9c4621b2f5054a92d
  subpackages:
  - context
  - html
  - html/atom
- name: golang.org/x/sys
  version: d8e400bc7db4870d786864138af681469693d18c
  subpackages:
  - unix
- name: google.golang.org/appengine
  version: b1f26356af11148e710935ed1ac8a7f5702c7612
  subpackages:
  - cloudsql
- name: gopkg.in/mgo.v2
  version: 3f83fa5005286a7fe593b055f0d7771a7dce4655
  subpackages:
  - bson
  - internal/json
  - internal/sasl
  - internal/scram
- name: gopkg.in/neurosnap/sentences.v1
  version: a7f18ead1433a139742a8b42ce7a059cfb484d60
  subpackages:
  - data
- name: gopkg.in/yaml.v2
  version: 5420a8b6744d3b0345ab293f6fcba19c978f1183
testImports:
- name: github.com/pmezard/go-difflib
  version: d8ed2627bdf02c080bf22230dbb337003b7aba2d
  subpackages:
  - difflib
- name: github.com/stretchr/testify
  version: 69483b4bd14f5845b5a1e55bca19e954e827f1d0
  subpackages:
  - assert
  - require
